
Microsoft Visual Studio Solution File, Format Version 12.00
# Visual Studio Version 17
VisualStudioVersion = 17.5.002.0
MinimumVisualStudioVersion = 10.0.40219.1
Project("{9A19103F-16F7-4668-BE54-9A1E7A4F7556}") = "ngrep", "ngrep.csproj", "{56C816FB-A75A-466F-AA12-2FA37BDBE481}"
EndProject
Global
	GlobalSection(SolutionConfigurationPlatforms) = preSolution
		Debug|Any CPU = Debug|Any CPU
		Release|Any CPU = Release|Any CPU
	EndGlobalSection
	GlobalSection(ProjectConfigurationPlatforms) = postSolution
		{56C816FB-A75A-466F-AA12-2FA37BDBE481}.Debug|Any CPU.ActiveCfg = Debug|Any CPU
		{56C816FB-A75A-466F-AA12-2FA37BDBE481}.Debug|Any CPU.Build.0 = Debug|Any CPU
		{56C816FB-A75A-466F-AA12-2FA37BDBE481}.Release|Any CPU.ActiveCfg = Release|Any CPU
		{56C816FB-A75A-466F-AA12-2FA37BDBE481}.Release|Any CPU.Build.0 = Release|Any CPU
	EndGlobalSection
	GlobalSection(SolutionProperties) = preSolution
		HideSolutionNode = FALSE
	EndGlobalSection
	GlobalSection(ExtensibilityGlobals) = postSolution
		SolutionGuid = {C0277D90-6BF7-438B-A980-4696EBC0DB2F}
	EndGlobalSection
EndGlobal
